
Microsoft Visual Studio Solution File, Format Version 12.00
# Visual Studio Version 16
VisualStudioVersion = 16.0.36324.18
MinimumVisualStudioVersion = 10.0.40219.1
Project("{FAE04EC0-301F-11D3-BF4B-00C04F79EFBC}") = "SDK-Log-Capture-Tool", "SDK-Log-Capture-Tool.csproj", "{04DD0C25-96FA-4E3D-9650-81C3E7B47241}"
EndProject
Global
	GlobalSection(SolutionConfigurationPlatforms) = preSolution
		Debug|Any CPU = Debug|Any CPU
		Release|Any CPU = Release|Any CPU
	EndGlobalSection
	GlobalSection(ProjectConfigurationPlatforms) = postSolution
		{04DD0C25-96FA-4E3D-9650-81C3E7B47241}.Debug|Any CPU.ActiveCfg = Debug|Any CPU
		{04DD0C25-96FA-4E3D-9650-81C3E7B47241}.Debug|Any CPU.Build.0 = Debug|Any CPU
		{04DD0C25-96FA-4E3D-9650-81C3E7B47241}.Release|Any CPU.ActiveCfg = Release|Any CPU
		{04DD0C25-96FA-4E3D-9650-81C3E7B47241}.Release|Any CPU.Build.0 = Release|Any CPU
	EndGlobalSection
	GlobalSection(SolutionProperties) = preSolution
		HideSolutionNode = FALSE
	EndGlobalSection
	GlobalSection(ExtensibilityGlobals) = postSolution
		SolutionGuid = {59BCEF33-F97E-491F-BB60-A504EB43A184}
	EndGlobalSection
EndGlobal
